
Microsoft Visual Studio Solution File, Format Version 12.00
# Visual Studio Version 16
VisualStudioVersion = 16.0.30907.101
MinimumVisualStudioVersion = 10.0.40219.1
Project("{FAE04EC0-301F-11D3-BF4B-00C04F79EFBC}") = "PhamCaoCuong", "PhamCaoCuong\PhamCaoCuong.csproj", "{74B3BDF9-7DF8-4163-82C9-8E3A2FD7099F}"
EndProject
Global
	GlobalSection(SolutionConfigurationPlatforms) = preSolution
		Debug|Any CPU = Debug|Any CPU
		Release|Any CPU = Release|Any CPU
	EndGlobalSection
	GlobalSection(ProjectConfigurationPlatforms) = postSolution
		{74B3BDF9-7DF8-4163-82C9-8E3A2FD7099F}.Debug|Any CPU.ActiveCfg = Debug|Any CPU
		{74B3BDF9-7DF8-4163-82C9-8E3A2FD7099F}.Debug|Any CPU.Build.0 = Debug|Any CPU
		{74B3BDF9-7DF8-4163-82C9-8E3A2FD7099F}.Release|Any CPU.ActiveCfg = Release|Any CPU
		{74B3BDF9-7DF8-4163-82C9-8E3A2FD7099F}.Release|Any CPU.Build.0 = Release|Any CPU
	EndGlobalSection
	GlobalSection(SolutionProperties) = preSolution
		HideSolutionNode = FALSE
	EndGlobalSection
	GlobalSection(ExtensibilityGlobals) = postSolution
		SolutionGuid = {E701DFB4-65A0-4D7D-BA59-F5292A0291D1}
	EndGlobalSection
EndGlobal
